
Microsoft Visual Studio Solution File, Format Version 12.00
# Visual Studio Version 17
VisualStudioVersion = 17.6.33829.357
MinimumVisualStudioVersion = 10.0.40219.1
Project("{FAE04EC0-301F-11D3-BF4B-00C04F79EFBC}") = "HolaMundoApp.Android", "HolaMundoApp\HolaMundoApp.Android\HolaMundoApp.Android.csproj", "{0CDF7AE3-F31A-4A12-9607-B9381C7B0079}"
EndProject
Project("{FAE04EC0-301F-11D3-BF4B-00C04F79EFBC}") = "HolaMundoApp.iOS", "HolaMundoApp\HolaMundoApp.iOS\HolaMundoApp.iOS.csproj", "{D7847CCD-6EDC-4971-B176-55E194FB6606}"
EndProject
Project("{FAE04EC0-301F-11D3-BF4B-00C04F79EFBC}") = "HolaMundoApp", "HolaMundoApp\HolaMundoApp\HolaMundoApp.csproj", "{249AAF78-8056-438D-A186-3E339C1F2440}"
EndProject
Global
	GlobalSection(SolutionConfigurationPlatforms) = preSolution
		Debug|Any CPU = Debug|Any CPU
		Debug|iPhone = Debug|iPhone
		Debug|iPhoneSimulator = Debug|iPhoneSimulator
		Release|Any CPU = Release|Any CPU
		Release|iPhone = Release|iPhone
		Release|iPhoneSimulator = Release|iPhoneSimulator
	EndGlobalSection
	GlobalSection(ProjectConfigurationPlatforms) = postSolution
		{0CDF7AE3-F31A-4A12-9607-B9381C7B0079}.Debug|Any CPU.ActiveCfg = Debug|Any CPU
		{0CDF7AE3-F31A-4A12-9607-B9381C7B0079}.Debug|Any CPU.Build.0 = Debug|Any CPU
		{0CDF7AE3-F31A-4A12-9607-B9381C7B0079}.Debug|Any CPU.Deploy.0 = Debug|Any CPU
		{0CDF7AE3-F31A-4A12-9607-B9381C7B0079}.Debug|iPhone.ActiveCfg = Debug|Any CPU
		{0CDF7AE3-F31A-4A12-9607-B9381C7B0079}.Debug|iPhone.Build.0 = Debug|Any CPU
		{0CDF7AE3-F31A-4A12-9607-B9381C7B0079}.Debug|iPhone.Deploy.0 = Debug|Any CPU
		{0CDF7AE3-F31A-4A12-9607-B9381C7B0079}.Debug|iPhoneSimulator.ActiveCfg = Debug|Any CPU
		{0CDF7AE3-F31A-4A12-9607-B9381C7B0079}.Debug|iPhoneSimulator.Build.0 = Debug|Any CPU
		{0CDF7AE3-F31A-4A12-9607-B9381C7B0079}.Debug|iPhoneSimulator.Deploy.0 = Debug|Any CPU
		{0CDF7AE3-F31A-4A12-9607-B9381C7B0079}.Release|Any CPU.ActiveCfg = Release|Any CPU
		{0CDF7AE3-F31A-4A12-9607-B9381C7B0079}.Release|Any CPU.Build.0 = Release|Any CPU
		{0CDF7AE3-F31A-4A12-9607-B9381C7B0079}.Release|Any CPU.Deploy.0 = Release|Any CPU
		{0CDF7AE3-F31A-4A12-9607-B9381C7B0079}.Release|iPhone.ActiveCfg = Release|Any CPU
		{0CDF7AE3-F31A-4A12-9607-B9381C7B0079}.Release|iPhone.Build.0 = Release|Any CPU
		{0CDF7AE3-F31A-4A12-9607-B9381C7B0079}.Release|iPhone.Deploy.0 = Release|Any CPU
		{0CDF7AE3-F31A-4A12-9607-B9381C7B0079}.Release|iPhoneSimulator.ActiveCfg = Release|Any CPU
		{0CDF7AE3-F31A-4A12-9607-B9381C7B0079}.Release|iPhoneSimulator.Build.0 = Release|Any CPU
		{0CDF7AE3-F31A-4A12-9607-B9381C7B0079}.Release|iPhoneSimulator.Deploy.0 = Release|Any CPU
		{D7847CCD-6EDC-4971-B176-55E194FB6606}.Debug|Any CPU.ActiveCfg = Debug|iPhoneSimulator
		{D7847CCD-6EDC-4971-B176-55E194FB6606}.Debug|Any CPU.Build.0 = Debug|iPhoneSimulator
		{D7847CCD-6EDC-4971-B176-55E194FB6606}.Debug|iPhone.ActiveCfg = Debug|iPhone
		{D7847CCD-6EDC-4971-B176-55E194FB6606}.Debug|iPhone.Build.0 = Debug|iPhone
		{D7847CCD-6EDC-4971-B176-55E194FB6606}.Debug|iPhoneSimulator.ActiveCfg = Debug|iPhoneSimulator
		{D7847CCD-6EDC-4971-B176-55E194FB6606}.Debug|iPhoneSimulator.Build.0 = Debug|iPhoneSimulator
		{D7847CCD-6EDC-4971-B176-55E194FB6606}.Release|Any CPU.ActiveCfg = Release|iPhoneSimulator
		{D7847CCD-6EDC-4971-B176-55E194FB6606}.Release|Any CPU.Build.0 = Release|iPhoneSimulator
		{D7847CCD-6EDC-4971-B176-55E194FB6606}.Release|iPhone.ActiveCfg = Release|iPhone
		{D7847CCD-6EDC-4971-B176-55E194FB6606}.Release|iPhone.Build.0 = Release|iPhone
		{D7847CCD-6EDC-4971-B176-55E194FB6606}.Release|iPhoneSimulator.ActiveCfg = Release|iPhoneSimulator
		{D7847CCD-6EDC-4971-B176-55E194FB6606}.Release|iPhoneSimulator.Build.0 = Release|iPhoneSimulator
		{249AAF78-8056-438D-A186-3E339C1F2440}.Debug|Any CPU.ActiveCfg = Debug|Any CPU
		{249AAF78-8056-438D-A186-3E339C1F2440}.Debug|Any CPU.Build.0 = Debug|Any CPU
		{249AAF78-8056-438D-A186-3E339C1F2440}.Debug|iPhone.ActiveCfg = Debug|Any CPU
		{249AAF78-8056-438D-A186-3E339C1F2440}.Debug|iPhone.Build.0 = Debug|Any CPU
		{249AAF78-8056-438D-A186-3E339C1F2440}.Debug|iPhoneSimulator.ActiveCfg = Debug|Any CPU
		{249AAF78-8056-438D-A186-3E339C1F2440}.Debug|iPhoneSimulator.Build.0 = Debug|Any CPU
		{249AAF78-8056-438D-A186-3E339C1F2440}.Release|Any CPU.ActiveCfg = Release|Any CPU
		{249AAF78-8056-438D-A186-3E339C1F2440}.Release|Any CPU.Build.0 = Release|Any CPU
		{249AAF78-8056-438D-A186-3E339C1F2440}.Release|iPhone.ActiveCfg = Release|Any CPU
		{249AAF78-8056-438D-A186-3E339C1F2440}.Release|iPhone.Build.0 = Release|Any CPU
		{249AAF78-8056-438D-A186-3E339C1F2440}.Release|iPhoneSimulator.ActiveCfg = Release|Any CPU
		{249AAF78-8056-438D-A186-3E339C1F2440}.Release|iPhoneSimulator.Build.0 = Release|Any CPU
	EndGlobalSection
	GlobalSection(SolutionProperties) = preSolution
		HideSolutionNode = FALSE
	EndGlobalSection
	GlobalSection(ExtensibilityGlobals) = postSolution
		SolutionGuid = {62B0CFFA-262D-4FA2-8956-5630F2C944E8}
	EndGlobalSection
EndGlobal
